
Microsoft Visual Studio Solution File, Format Version 12.00
# Visual Studio Version 17
VisualStudioVersion = 17.13.35828.75 d17.13
MinimumVisualStudioVersion = 10.0.40219.1
Project("{FAE04EC0-301F-11D3-BF4B-00C04F79EFBC}") = "small-todo-application", "small-todo-application\small-todo-application.csproj", "{BBEE40A0-E017-4FDC-88F1-1E54D22EED87}"
EndProject
Global
	GlobalSection(SolutionConfigurationPlatforms) = preSolution
		Debug|Any CPU = Debug|Any CPU
		Release|Any CPU = Release|Any CPU
	EndGlobalSection
	GlobalSection(ProjectConfigurationPlatforms) = postSolution
		{BBEE40A0-E017-4FDC-88F1-1E54D22EED87}.Debug|Any CPU.ActiveCfg = Debug|Any CPU
		{BBEE40A0-E017-4FDC-88F1-1E54D22EED87}.Debug|Any CPU.Build.0 = Debug|Any CPU
		{BBEE40A0-E017-4FDC-88F1-1E54D22EED87}.Release|Any CPU.ActiveCfg = Release|Any CPU
		{BBEE40A0-E017-4FDC-88F1-1E54D22EED87}.Release|Any CPU.Build.0 = Release|Any CPU
	EndGlobalSection
	GlobalSection(SolutionProperties) = preSolution
		HideSolutionNode = FALSE
	EndGlobalSection
	GlobalSection(ExtensibilityGlobals) = postSolution
		SolutionGuid = {08DC7457-112E-4427-88D3-BB33A2E9BC81}
	EndGlobalSection
EndGlobal
